// !$*UTF8*$!
{
	archiveVersion = 1;
	classes = {
	};
	objectVersion = 77;
	objects = {

/* Begin PBXBuildFile section */
		4D199E912E310095005FAECB /* test2.mp4 in Resources */ = {isa = PBXBuildFile; fileRef = 4D199E8F2E310095005FAECB /* test2.mp4 */; };
		4D199EA42E31010D005FAECB /* test.mp4 in Resources */ = {isa = PBXBuildFile; fileRef = 4D199EA32E31010D005FAECB /* test.mp4 */; };
/* End PBXBuildFile section */

/* Begin PBXContainerItemProxy section */
		4D932DF52E2F78A500771495 /* PBXContainerItemProxy */ = {
			isa = PBXContainerItemProxy;
			containerPortal = 4D932DDC2E2F78A400771495 /* Project object */;
			proxyType = 1;
			remoteGlobalIDString = 4D932DE32E2F78A400771495;
			remoteInfo = staj;
		};
		4D932DFF2E2F78A500771495 /* PBXContainerItemProxy */ = {
			isa = PBXContainerItemProxy;
			containerPortal = 4D932DDC2E2F78A400771495 /* Project object */;
			proxyType = 1;
			remoteGlobalIDString = 4D932DE32E2F78A400771495;
			remoteInfo = staj;
		};
/* End PBXContainerItemProxy section */

/* Begin PBXFileReference section */
		4D199E8F2E310095005FAECB /* test2.mp4 */ = {isa = PBXFileReference; lastKnownFileType = file; path = test2.mp4; sourceTree = "<group>"; };
		4D199EA32E31010D005FAECB /* test.mp4 */ = {isa = PBXFileReference; lastKnownFileType = file; path = test.mp4; sourceTree = "<group>"; };
		4D932DE42E2F78A400771495 /* staj.app */ = {isa = PBXFileReference; explicitFileType = wrapper.application; includeInIndex = 0; path = staj.app; sourceTree = BUILT_PRODUCTS_DIR; };
		4D932DF42E2F78A500771495 /* stajTests.xctest */ = {isa = PBXFileReference; explicitFileType = wrapper.cfbundle; includeInIndex = 0; path = stajTests.xctest; sourceTree = BUILT_PRODUCTS_DIR; };
		4D932DFE2E2F78A500771495 /* stajUITests.xctest */ = {isa = PBXFileReference; explicitFileType = wrapper.cfbundle; includeInIndex = 0; path = stajUITests.xctest; sourceTree = BUILT_PRODUCTS_DIR; };
/* End PBXFileReference section */

/* Begin PBXFileSystemSynchronizedBuildFileExceptionSet section */
		4D199EA52E310131005FAECB /* Exceptions for "staj" folder in "staj" target */ = {
			isa = PBXFileSystemSynchronizedBuildFileExceptionSet;
			membershipExceptions = (
				Info.plist,
			);
			target = 4D932DE32E2F78A400771495 /* staj */;
		};
/* End PBXFileSystemSynchronizedBuildFileExceptionSet section */

/* Begin PBXFileSystemSynchronizedRootGroup section */
		4D932DE62E2F78A400771495 /* staj */ = {
			isa = PBXFileSystemSynchronizedRootGroup;
			exceptions = (
				4D199EA52E310131005FAECB /* Exceptions for "staj" folder in "staj" target */,
			);
			path = staj;
			sourceTree = "<group>";
		};
		4D932DF72E2F78A500771495 /* stajTests */ = {
			isa = PBXFileSystemSynchronizedRootGroup;
			path = stajTests;
			sourceTree = "<group>";
		};
		4D932E012E2F78A500771495 /* stajUITests */ = {
			isa = PBXFileSystemSynchronizedRootGroup;
			path = stajUITests;
			sourceTree = "<group>";
		};
/* End PBXFileSystemSynchronizedRootGroup section */

/* Begin PBXFrameworksBuildPhase section */
		4D932DE12E2F78A400771495 /* Frameworks */ = {
			isa = PBXFrameworksBuildPhase;
			buildActionMask = 2147483647;
			files = (
			);
			runOnlyForDeploymentPostprocessing = 0;
		};
		4D932DF12E2F78A500771495 /* Frameworks */ = {
			isa = PBXFrameworksBuildPhase;
			buildActionMask = 2147483647;
			files = (
			);
			runOnlyForDeploymentPostprocessing = 0;
		};
		4D932DFB2E2F78A500771495 /* Frameworks */ = {
			isa = PBXFrameworksBuildPhase;
			buildActionMask = 2147483647;
			files = (
			);
			runOnlyForDeploymentPostprocessing = 0;
		};
/* End PBXFrameworksBuildPhase section */

/* Begin PBXGroup section */
		4D932DDB2E2F78A400771495 = {
			isa = PBXGroup;
			children = (
				4D199EA32E31010D005FAECB /* test.mp4 */,
				4D199E8F2E310095005FAECB /* test2.mp4 */,
				4D932DE62E2F78A400771495 /* staj */,
				4D932DF72E2F78A500771495 /* stajTests */,
				4D932E012E2F78A500771495 /* stajUITests */,
				4D932DE52E2F78A400771495 /* Products */,
			);
			sourceTree = "<group>";
		};
		4D932DE52E2F78A400771495 /* Products */ = {
			isa = PBXGroup;
			children = (
				4D932DE42E2F78A400771495 /* staj.app */,
				4D932DF42E2F78A500771495 /* stajTests.xctest */,
				4D932DFE2E2F78A500771495 /* stajUITests.xctest */,
			);
			name = Products;
			sourceTree = "<group>";
		};
/* End PBXGroup section */

/* Begin PBXNativeTarget section */
		4D932DE32E2F78A400771495 /* staj */ = {
			isa = PBXNativeTarget;
			buildConfigurationList = 4D932E082E2F78A500771495 /* Build configuration list for PBXNativeTarget "staj" */;
			buildPhases = (
				4D932DE02E2F78A400771495 /* Sources */,
				4D932DE12E2F78A400771495 /* Frameworks */,
				4D932DE22E2F78A400771495 /* Resources */,
			);
			buildRules = (
			);
			dependencies = (
			);
			fileSystemSynchronizedGroups = (
				4D932DE62E2F78A400771495 /* staj */,
			);
			name = staj;
			packageProductDependencies = (
			);
			productName = staj;
			productReference = 4D932DE42E2F78A400771495 /* staj.app */;
			productType = "com.apple.product-type.application";
		};
		4D932DF32E2F78A500771495 /* stajTests */ = {
			isa = PBXNativeTarget;
			buildConfigurationList = 4D932E0B2E2F78A500771495 /* Build configuration list for PBXNativeTarget "stajTests" */;
			buildPhases = (
				4D932DF02E2F78A500771495 /* Sources */,
				4D932DF12E2F78A500771495 /* Frameworks */,
				4D932DF22E2F78A500771495 /* Resources */,
			);
			buildRules = (
			);
			dependencies = (
				4D932DF62E2F78A500771495 /* PBXTargetDependency */,
			);
			fileSystemSynchronizedGroups = (
				4D932DF72E2F78A500771495 /* stajTests */,
			);
			name = stajTests;
			packageProductDependencies = (
			);
			productName = stajTests;
			productReference = 4D932DF42E2F78A500771495 /* stajTests.xctest */;
			productType = "com.apple.product-type.bundle.unit-test";
		};
		4D932DFD2E2F78A500771495 /* stajUITests */ = {
			isa = PBXNativeTarget;
			buildConfigurationList = 4D932E0E2E2F78A500771495 /* Build configuration list for PBXNativeTarget "stajUITests" */;
			buildPhases = (
				4D932DFA2E2F78A500771495 /* Sources */,
				4D932DFB2E2F78A500771495 /* Frameworks */,
				4D932DFC2E2F78A500771495 /* Resources */,
			);
			buildRules = (
			);
			dependencies = (
				4D932E002E2F78A500771495 /* PBXTargetDependency */,
			);
			fileSystemSynchronizedGroups = (
				4D932E012E2F78A500771495 /* stajUITests */,
			);
			name = stajUITests;
			packageProductDependencies = (
			);
			productName = stajUITests;
			productReference = 4D932DFE2E2F78A500771495 /* stajUITests.xctest */;
			productType = "com.apple.product-type.bundle.ui-testing";
		};
/* End PBXNativeTarget section */

/* Begin PBXProject section */
		4D932DDC2E2F78A400771495 /* Project object */ = {
			isa = PBXProject;
			attributes = {
				BuildIndependentTargetsInParallel = 1;
				LastSwiftUpdateCheck = 1620;
				LastUpgradeCheck = 1620;
				TargetAttributes = {
					4D932DE32E2F78A400771495 = {
						CreatedOnToolsVersion = 16.2;
					};
					4D932DF32E2F78A500771495 = {
						CreatedOnToolsVersion = 16.2;
						TestTargetID = 4D932DE32E2F78A400771495;
					};
					4D932DFD2E2F78A500771495 = {
						CreatedOnToolsVersion = 16.2;
						TestTargetID = 4D932DE32E2F78A400771495;
					};
				};
			};
			buildConfigurationList = 4D932DDF2E2F78A400771495 /* Build configuration list for PBXProject "staj" */;
			developmentRegion = en;
			hasScannedForEncodings = 0;
			knownRegions = (
				en,
				Base,
			);
			mainGroup = 4D932DDB2E2F78A400771495;
			minimizedProjectReferenceProxies = 1;
			preferredProjectObjectVersion = 77;
			productRefGroup = 4D932DE52E2F78A400771495 /* Products */;
			projectDirPath = "";
			projectRoot = "";
			targets = (
				4D932DE32E2F78A400771495 /* staj */,
				4D932DF32E2F78A500771495 /* stajTests */,
				4D932DFD2E2F78A500771495 /* stajUITests */,
			);
		};
/* End PBXProject section */

/* Begin PBXResourcesBuildPhase section */
		4D932DE22E2F78A400771495 /* Resources */ = {
			isa = PBXResourcesBuildPhase;
			buildActionMask = 2147483647;
			files = (
				4D199EA42E31010D005FAECB /* test.mp4 in Resources */,
				4D199E912E310095005FAECB /* test2.mp4 in Resources */,
			);
			runOnlyForDeploymentPostprocessing = 0;
		};
		4D932DF22E2F78A500771495 /* Resources */ = {
			isa = PBXResourcesBuildPhase;
			buildActionMask = 2147483647;
			files = (
			);
			runOnlyForDeploymentPostprocessing = 0;
		};
		4D932DFC2E2F78A500771495 /* Resources */ = {
			isa = PBXResourcesBuildPhase;
			buildActionMask = 2147483647;
			files = (
			);
			runOnlyForDeploymentPostprocessing = 0;
		};
/* End PBXResourcesBuildPhase section */

/* Begin PBXSourcesBuildPhase section */
		4D932DE02E2F78A400771495 /* Sources */ = {
			isa = PBXSourcesBuildPhase;
			buildActionMask = 2147483647;
			files = (
			);
			runOnlyForDeploymentPostprocessing = 0;
		};
		4D932DF02E2F78A500771495 /* Sources */ = {
			isa = PBXSourcesBuildPhase;
			buildActionMask = 2147483647;
			files = (
			);
			runOnlyForDeploymentPostprocessing = 0;
		};
		4D932DFA2E2F78A500771495 /* Sources */ = {
			isa = PBXSourcesBuildPhase;
			buildActionMask = 2147483647;
			files = (
			);
			runOnlyForDeploymentPostprocessing = 0;
		};
/* End PBXSourcesBuildPhase section */

/* Begin PBXTargetDependency section */
		4D932DF62E2F78A500771495 /* PBXTargetDependency */ = {
			isa = PBXTargetDependency;
			target = 4D932DE32E2F78A400771495 /* staj */;
			targetProxy = 4D932DF52E2F78A500771495 /* PBXContainerItemProxy */;
		};
		4D932E002E2F78A500771495 /* PBXTargetDependency */ = {
			isa = PBXTargetDependency;
			target = 4D932DE32E2F78A400771495 /* staj */;
			targetProxy = 4D932DFF2E2F78A500771495 /* PBXContainerItemProxy */;
		};
/* End PBXTargetDependency section */

/* Begin XCBuildConfiguration section */
		4D932E062E2F78A500771495 /* Debug */ = {
			isa = XCBuildConfiguration;
			buildSettings = {
				ALWAYS_SEARCH_USER_PATHS = NO;
				ASSETCATALOG_COMPILER_GENERATE_SWIFT_ASSET_SYMBOL_EXTENSIONS = YES;
				CLANG_ANALYZER_NONNULL = YES;
				CLANG_ANALYZER_NUMBER_OBJECT_CONVERSION = YES_AGGRESSIVE;
				CLANG_CXX_LANGUAGE_STANDARD = "gnu++20";
				CLANG_ENABLE_MODULES = YES;
				CLANG_ENABLE_OBJC_ARC = YES;
				CLANG_ENABLE_OBJC_WEAK = YES;
				CLANG_WARN_BLOCK_CAPTURE_AUTORELEASING = YES;
				CLANG_WARN_BOOL_CONVERSION = YES;
				CLANG_WARN_COMMA = YES;
				CLANG_WARN_CONSTANT_CONVERSION = YES;
				CLANG_WARN_DEPRECATED_OBJC_IMPLEMENTATIONS = YES;
				CLANG_WARN_DIRECT_OBJC_ISA_USAGE = YES_ERROR;
				CLANG_WARN_DOCUMENTATION_COMMENTS = YES;
				CLANG_WARN_EMPTY_BODY = YES;
				CLANG_WARN_ENUM_CONVERSION = YES;
				CLANG_WARN_INFINITE_RECURSION = YES;
				CLANG_WARN_INT_CONVERSION = YES;
				CLANG_WARN_NON_LITERAL_NULL_CONVERSION = YES;
				CLANG_WARN_OBJC_IMPLICIT_RETAIN_SELF = YES;
				CLANG_WARN_OBJC_LITERAL_CONVERSION = YES;
				CLANG_WARN_OBJC_ROOT_CLASS = YES_ERROR;
				CLANG_WARN_QUOTED_INCLUDE_IN_FRAMEWORK_HEADER = YES;
				CLANG_WARN_RANGE_LOOP_ANALYSIS = YES;
				CLANG_WARN_STRICT_PROTOTYPES = YES;
				CLANG_WARN_SUSPICIOUS_MOVE = YES;
				CLANG_WARN_UNGUARDED_AVAILABILITY = YES_AGGRESSIVE;
				CLANG_WARN_UNREACHABLE_CODE = YES;
				CLANG_WARN__DUPLICATE_METHOD_MATCH = YES;
				COPY_PHASE_STRIP = NO;
				DEBUG_INFORMATION_FORMAT = dwarf;
				ENABLE_STRICT_OBJC_MSGSEND = YES;
				ENABLE_TESTABILITY = YES;
				ENABLE_USER_SCRIPT_SANDBOXING = YES;
				GCC_C_LANGUAGE_STANDARD = gnu17;
				GCC_DYNAMIC_NO_PIC = NO;
				GCC_NO_COMMON_BLOCKS = YES;
				GCC_OPTIMIZATION_LEVEL = 0;
				GCC_PREPROCESSOR_DEFINITIONS = (
					"DEBUG=1",
					"$(inherited)",
				);
				GCC_WARN_64_TO_32_BIT_CONVERSION = YES;
				GCC_WARN_ABOUT_RETURN_TYPE = YES_ERROR;
				GCC_WARN_UNDECLARED_SELECTOR = YES;
				GCC_WARN_UNINITIALIZED_AUTOS = YES_AGGRESSIVE;
				GCC_WARN_UNUSED_FUNCTION = YES;
				GCC_WARN_UNUSED_VARIABLE = YES;
				IPHONEOS_DEPLOYMENT_TARGET = 16.6;
				LOCALIZATION_PREFERS_STRING_CATALOGS = YES;
				MTL_ENABLE_DEBUG_INFO = INCLUDE_SOURCE;
				MTL_FAST_MATH = YES;
				ONLY_ACTIVE_ARCH = YES;
				SDKROOT = iphoneos;
				SWIFT_ACTIVE_COMPILATION_CONDITIONS = "DEBUG $(inherited)";
				SWIFT_OPTIMIZATION_LEVEL = "-Onone";
			};
			name = Debug;
		};
		4D932E072E2F78A500771495 /* Release */ = {
			isa = XCBuildConfiguration;
			buildSettings = {
				ALWAYS_SEARCH_USER_PATHS = NO;
				ASSETCATALOG_COMPILER_GENERATE_SWIFT_ASSET_SYMBOL_EXTENSIONS = YES;
				CLANG_ANALYZER_NONNULL = YES;
				CLANG_ANALYZER_NUMBER_OBJECT_CONVERSION = YES_AGGRESSIVE;
				CLANG_CXX_LANGUAGE_STANDARD = "gnu++20";
				CLANG_ENABLE_MODULES = YES;
				CLANG_ENABLE_OBJC_ARC = YES;
				CLANG_ENABLE_OBJC_WEAK = YES;
				CLANG_WARN_BLOCK_CAPTURE_AUTORELEASING = YES;
				CLANG_WARN_BOOL_CONVERSION = YES;
				CLANG_WARN_COMMA = YES;
				CLANG_WARN_CONSTANT_CONVERSION = YES;
				CLANG_WARN_DEPRECATED_OBJC_IMPLEMENTATIONS = YES;
				CLANG_WARN_DIRECT_OBJC_ISA_USAGE = YES_ERROR;
				CLANG_WARN_DOCUMENTATION_COMMENTS = YES;
				CLANG_WARN_EMPTY_BODY = YES;
				CLANG_WARN_ENUM_CONVERSION = YES;
				CLANG_WARN_INFINITE_RECURSION = YES;
				CLANG_WARN_INT_CONVERSION = YES;
				CLANG_WARN_NON_LITERAL_NULL_CONVERSION = YES;
				CLANG_WARN_OBJC_IMPLICIT_RETAIN_SELF = YES;
				CLANG_WARN_OBJC_LITERAL_CONVERSION = YES;
				CLANG_WARN_OBJC_ROOT_CLASS = YES_ERROR;
				CLANG_WARN_QUOTED_INCLUDE_IN_FRAMEWORK_HEADER = YES;
				CLANG_WARN_RANGE_LOOP_ANALYSIS = YES;
				CLANG_WARN_STRICT_PROTOTYPES = YES;
				CLANG_WARN_SUSPICIOUS_MOVE = YES;
				CLANG_WARN_UNGUARDED_AVAILABILITY = YES_AGGRESSIVE;
				CLANG_WARN_UNREACHABLE_CODE = YES;
				CLANG_WARN__DUPLICATE_METHOD_MATCH = YES;
				COPY_PHASE_STRIP = NO;
				DEBUG_INFORMATION_FORMAT = "dwarf-with-dsym";
				ENABLE_NS_ASSERTIONS = NO;
				ENABLE_STRICT_OBJC_MSGSEND = YES;
				ENABLE_USER_SCRIPT_SANDBOXING = YES;
				GCC_C_LANGUAGE_STANDARD = gnu17;
				GCC_NO_COMMON_BLOCKS = YES;
				GCC_WARN_64_TO_32_BIT_CONVERSION = YES;
				GCC_WARN_ABOUT_RETURN_TYPE = YES_ERROR;
				GCC_WARN_UNDECLARED_SELECTOR = YES;
				GCC_WARN_UNINITIALIZED_AUTOS = YES_AGGRESSIVE;
				GCC_WARN_UNUSED_FUNCTION = YES;
				GCC_WARN_UNUSED_VARIABLE = YES;
				IPHONEOS_DEPLOYMENT_TARGET = 16.6;
				LOCALIZATION_PREFERS_STRING_CATALOGS = YES;
				MTL_ENABLE_DEBUG_INFO = NO;
				MTL_FAST_MATH = YES;
				SDKROOT = iphoneos;
				SWIFT_COMPILATION_MODE = wholemodule;
				VALIDATE_PRODUCT = YES;
			};
			name = Release;
		};
		4D932E092E2F78A500771495 /* Debug */ = {
			isa = XCBuildConfiguration;
			buildSettings = {
				ASSETCATALOG_COMPILER_APPICON_NAME = AppIcon;
				ASSETCATALOG_COMPILER_GLOBAL_ACCENT_COLOR_NAME = AccentColor;
				CODE_SIGN_STYLE = Automatic;
				CURRENT_PROJECT_VERSION = 1;
				DEVELOPMENT_ASSET_PATHS = "\"staj/Preview Content\"";
				DEVELOPMENT_TEAM = S3AMMPWBA6;
				ENABLE_PREVIEWS = YES;
				GENERATE_INFOPLIST_FILE = YES;
				INFOPLIST_KEY_UIApplicationSceneManifest_Generation = YES;
				INFOPLIST_KEY_UIApplicationSupportsIndirectInputEvents = YES;
				INFOPLIST_KEY_UILaunchScreen_Generation = YES;
				INFOPLIST_KEY_UISupportedInterfaceOrientations_iPad = "UIInterfaceOrientationPortrait UIInterfaceOrientationPortraitUpsideDown UIInterfaceOrientationLandscapeLeft UIInterfaceOrientationLandscapeRight";
				INFOPLIST_KEY_UISupportedInterfaceOrientations_iPhone = "UIInterfaceOrientationPortrait UIInterfaceOrientationLandscapeLeft UIInterfaceOrientationLandscapeRight";
				LD_RUNPATH_SEARCH_PATHS = (
					"$(inherited)",
					"@executable_path/Frameworks",
				);
				MARKETING_VERSION = 1.0;
				PRODUCT_BUNDLE_IDENTIFIER = stajcom.bilgesubaris.staj;
				PRODUCT_NAME = "$(TARGET_NAME)";
				SWIFT_EMIT_LOC_STRINGS = YES;
				SWIFT_VERSION = 5.0;
				TARGETED_DEVICE_FAMILY = "1,2";
			};
			name = Debug;
		};
		4D932E0A2E2F78A500771495 /* Release */ = {
			isa = XCBuildConfiguration;
			buildSettings = {
				ASSETCATALOG_COMPILER_APPICON_NAME = AppIcon;
				ASSETCATALOG_COMPILER_GLOBAL_ACCENT_COLOR_NAME = AccentColor;
				CODE_SIGN_STYLE = Automatic;
				CURRENT_PROJECT_VERSION = 1;
				DEVELOPMENT_ASSET_PATHS = "\"staj/Preview Content\"";
				DEVELOPMENT_TEAM = S3AMMPWBA6;
				ENABLE_PREVIEWS = YES;
				GENERATE_INFOPLIST_FILE = YES;
				INFOPLIST_KEY_UIApplicationSceneManifest_Generation = YES;
				INFOPLIST_KEY_UIApplicationSupportsIndirectInputEvents = YES;
				INFOPLIST_KEY_UILaunchScreen_Generation = YES;
				INFOPLIST_KEY_UISupportedInterfaceOrientations_iPad = "UIInterfaceOrientationPortrait UIInterfaceOrientationPortraitUpsideDown UIInterfaceOrientationLandscapeLeft UIInterfaceOrientationLandscapeRight";
				INFOPLIST_KEY_UISupportedInterfaceOrientations_iPhone = "UIInterfaceOrientationPortrait UIInterfaceOrientationLandscapeLeft UIInterfaceOrientationLandscapeRight";
				LD_RUNPATH_SEARCH_PATHS = (
					"$(inherited)",
					"@executable_path/Frameworks",
				);
				MARKETING_VERSION = 1.0;
				PRODUCT_BUNDLE_IDENTIFIER = stajcom.bilgesubaris.staj;
				PRODUCT_NAME = "$(TARGET_NAME)";
				SWIFT_EMIT_LOC_STRINGS = YES;
				SWIFT_VERSION = 5.0;
				TARGETED_DEVICE_FAMILY = "1,2";
			};
			name = Release;
		};
		4D932E0C2E2F78A500771495 /* Debug */ = {
			isa = XCBuildConfiguration;
			buildSettings = {
				BUNDLE_LOADER = "$(TEST_HOST)";
				CODE_SIGN_STYLE = Automatic;
				CURRENT_PROJECT_VERSION = 1;
				GENERATE_INFOPLIST_FILE = YES;
				IPHONEOS_DEPLOYMENT_TARGET = 18.2;
				MARKETING_VERSION = 1.0;
				PRODUCT_BUNDLE_IDENTIFIER = stajcom.bilgesubaris.stajTests;
				PRODUCT_NAME = "$(TARGET_NAME)";
				SWIFT_EMIT_LOC_STRINGS = NO;
				SWIFT_VERSION = 5.0;
				TARGETED_DEVICE_FAMILY = "1,2";
				TEST_HOST = "$(BUILT_PRODUCTS_DIR)/staj.app/$(BUNDLE_EXECUTABLE_FOLDER_PATH)/staj";
			};
			name = Debug;
		};
		4D932E0D2E2F78A500771495 /* Release */ = {
			isa = XCBuildConfiguration;
			buildSettings = {
				BUNDLE_LOADER = "$(TEST_HOST)";
				CODE_SIGN_STYLE = Automatic;
				CURRENT_PROJECT_VERSION = 1;
				GENERATE_INFOPLIST_FILE = YES;
				IPHONEOS_DEPLOYMENT_TARGET = 18.2;
				MARKETING_VERSION = 1.0;
				PRODUCT_BUNDLE_IDENTIFIER = stajcom.bilgesubaris.stajTests;
				PRODUCT_NAME = "$(TARGET_NAME)";
				SWIFT_EMIT_LOC_STRINGS = NO;
				SWIFT_VERSION = 5.0;
				TARGETED_DEVICE_FAMILY = "1,2";
				TEST_HOST = "$(BUILT_PRODUCTS_DIR)/staj.app/$(BUNDLE_EXECUTABLE_FOLDER_PATH)/staj";
			};
			name = Release;
		};
		4D932E0F2E2F78A500771495 /* Debug */ = {
			isa = XCBuildConfiguration;
			buildSettings = {
				CODE_SIGN_STYLE = Automatic;
				CURRENT_PROJECT_VERSION = 1;
				GENERATE_INFOPLIST_FILE = YES;
				MARKETING_VERSION = 1.0;
				PRODUCT_BUNDLE_IDENTIFIER = stajcom.bilgesubaris.stajUITests;
				PRODUCT_NAME = "$(TARGET_NAME)";
				SWIFT_EMIT_LOC_STRINGS = NO;
				SWIFT_VERSION = 5.0;
				TARGETED_DEVICE_FAMILY = "1,2";
				TEST_TARGET_NAME = staj;
			};
			name = Debug;
		};
		4D932E102E2F78A500771495 /* Release */ = {
			isa = XCBuildConfiguration;
			buildSettings = {
				CODE_SIGN_STYLE = Automatic;
				CURRENT_PROJECT_VERSION = 1;
				GENERATE_INFOPLIST_FILE = YES;
				MARKETING_VERSION = 1.0;
				PRODUCT_BUNDLE_IDENTIFIER = stajcom.bilgesubaris.stajUITests;
				PRODUCT_NAME = "$(TARGET_NAME)";
				SWIFT_EMIT_LOC_STRINGS = NO;
				SWIFT_VERSION = 5.0;
				TARGETED_DEVICE_FAMILY = "1,2";
				TEST_TARGET_NAME = staj;
			};
			name = Release;
		};
/* End XCBuildConfiguration section */

/* Begin XCConfigurationList section */
		4D932DDF2E2F78A400771495 /* Build configuration list for PBXProject "staj" */ = {
			isa = XCConfigurationList;
			buildConfigurations = (
				4D932E062E2F78A500771495 /* Debug */,
				4D932E072E2F78A500771495 /* Release */,
			);
			defaultConfigurationIsVisible = 0;
			defaultConfigurationName = Release;
		};
		4D932E082E2F78A500771495 /* Build configuration list for PBXNativeTarget "staj" */ = {
			isa = XCConfigurationList;
			buildConfigurations = (
				4D932E092E2F78A500771495 /* Debug */,
				4D932E0A2E2F78A500771495 /* Release */,
			);
			defaultConfigurationIsVisible = 0;
			defaultConfigurationName = Release;
		};
		4D932E0B2E2F78A500771495 /* Build configuration list for PBXNativeTarget "stajTests" */ = {
			isa = XCConfigurationList;
			buildConfigurations = (
				4D932E0C2E2F78A500771495 /* Debug */,
				4D932E0D2E2F78A500771495 /* Release */,
			);
			defaultConfigurationIsVisible = 0;
			defaultConfigurationName = Release;
		};
		4D932E0E2E2F78A500771495 /* Build configuration list for PBXNativeTarget "stajUITests" */ = {
			isa = XCConfigurationList;
			buildConfigurations = (
				4D932E0F2E2F78A500771495 /* Debug */,
				4D932E102E2F78A500771495 /* Release */,
			);
			defaultConfigurationIsVisible = 0;
			defaultConfigurationName = Release;
		};
/* End XCConfigurationList section */
	};
	rootObject = 4D932DDC2E2F78A400771495 /* Project object */;
}
